
Microsoft Visual Studio Solution File, Format Version 12.00
# Visual Studio Version 16
VisualStudioVersion = 16.0.29102.190
MinimumVisualStudioVersion = 10.0.40219.1
Project("{9A19103F-16F7-4668-BE54-9A1E7A4F7556}") = "ALG_PSQ", "ALG_PSQ\ALG_PSQ.csproj", "{563C90E1-E4A7-4277-8231-F241C79A2A4A}"
EndProject
Project("{9A19103F-16F7-4668-BE54-9A1E7A4F7556}") = "EvalExprAlgo", "EvalExprAlgo\EvalExprAlgo.csproj", "{62D90713-5DFA-419E-97D4-F9ECC10BC9F2}"
EndProject
Global
	GlobalSection(SolutionConfigurationPlatforms) = preSolution
		Debug|Any CPU = Debug|Any CPU
		Release|Any CPU = Release|Any CPU
	EndGlobalSection
	GlobalSection(ProjectConfigurationPlatforms) = postSolution
		{563C90E1-E4A7-4277-8231-F241C79A2A4A}.Debug|Any CPU.ActiveCfg = Debug|Any CPU
		{563C90E1-E4A7-4277-8231-F241C79A2A4A}.Debug|Any CPU.Build.0 = Debug|Any CPU
		{563C90E1-E4A7-4277-8231-F241C79A2A4A}.Release|Any CPU.ActiveCfg = Release|Any CPU
		{563C90E1-E4A7-4277-8231-F241C79A2A4A}.Release|Any CPU.Build.0 = Release|Any CPU
		{62D90713-5DFA-419E-97D4-F9ECC10BC9F2}.Debug|Any CPU.ActiveCfg = Debug|Any CPU
		{62D90713-5DFA-419E-97D4-F9ECC10BC9F2}.Debug|Any CPU.Build.0 = Debug|Any CPU
		{62D90713-5DFA-419E-97D4-F9ECC10BC9F2}.Release|Any CPU.ActiveCfg = Release|Any CPU
		{62D90713-5DFA-419E-97D4-F9ECC10BC9F2}.Release|Any CPU.Build.0 = Release|Any CPU
	EndGlobalSection
	GlobalSection(SolutionProperties) = preSolution
		HideSolutionNode = FALSE
	EndGlobalSection
	GlobalSection(ExtensibilityGlobals) = postSolution
		SolutionGuid = {2E7D1CC0-A719-451E-8196-547728A51079}
	EndGlobalSection
EndGlobal
